
Microsoft Visual Studio Solution File, Format Version 12.00
# Visual Studio Version 16
VisualStudioVersion = 25.0.1703.0
MinimumVisualStudioVersion = 10.0.40219.1
Project("{FAE04EC0-301F-11D3-BF4B-00C04F79EFBC}") = "Game", "Game.csproj", "{BD5A5A2E-463B-463D-BCCE-0BDCEB480AAA}"
EndProject
Global
	GlobalSection(SolutionConfigurationPlatforms) = preSolution
		Debug|Any CPU = Debug|Any CPU
		Release|Any CPU = Release|Any CPU
	EndGlobalSection
	GlobalSection(ProjectConfigurationPlatforms) = postSolution
		{BD5A5A2E-463B-463D-BCCE-0BDCEB480AAA}.Debug|Any CPU.ActiveCfg = Debug|Any CPU
		{BD5A5A2E-463B-463D-BCCE-0BDCEB480AAA}.Debug|Any CPU.Build.0 = Debug|Any CPU
		{BD5A5A2E-463B-463D-BCCE-0BDCEB480AAA}.Release|Any CPU.ActiveCfg = Release|Any CPU
		{BD5A5A2E-463B-463D-BCCE-0BDCEB480AAA}.Release|Any CPU.Build.0 = Release|Any CPU
	EndGlobalSection
	GlobalSection(SolutionProperties) = preSolution
		HideSolutionNode = FALSE
	EndGlobalSection
	GlobalSection(ExtensibilityGlobals) = postSolution
		SolutionGuid = {919D10C4-E233-4AE5-8129-60D70064176B}
	EndGlobalSection
EndGlobal
